{
  "name": "accessdb-parser",
  "version": "2.0.0-beta.1",
  "lockfileVersion": 3,
  "requires": true,
  "packages": {
    "": {
      "name": "accessdb-parser",
      "version": "2.0.0-beta.1",
      "hasInstallScript": true,
      "license": "MIT",
      "dependencies": {
        "binary-parser": "^2.3.0"
      },
      "devDependencies": {
        "@types/binary-parser": "^1.5.5",
        "@types/node": "^25.2.3",
        "typescript": "^6.0.2"
      }
    },
    "node_modules/@types/binary-parser": {
      "version": "1.5.5",
      "resolved": "https://registry.npmjs.org/@types/binary-parser/-/binary-parser-1.5.5.tgz",
      "integrity": "sha512-HL2Q9Q0JPlgQQX7JFgCIkofUw6jfUnP4WoBRlgF4yhPxLN2hfzaN5VNBQBq0cHD3+V4WBlJQuf/Lk2zdCKuGAg==",
      "dev": true,
      "license": "MIT",
      "dependencies": {
        "@types/node": "*"
      }
    },
    "node_modules/@types/node": {
      "version": "25.6.0",
      "resolved": "https://registry.npmjs.org/@types/node/-/node-25.6.0.tgz",
      "integrity": "sha512-+qIYRKdNYJwY3vRCZMdJbPLJAtGjQBudzZzdzwQYkEPQd+PJGixUL5QfvCLDaULoLv+RhT3LDkwEfKaAkgSmNQ==",
      "dev": true,
      "license": "MIT",
      "dependencies": {
        "undici-types": "~7.19.0"
      }
    },
    "node_modules/binary-parser": {
      "version": "2.3.0",
      "resolved": "https://registry.npmjs.org/binary-parser/-/binary-parser-2.3.0.tgz",
      "integrity": "sha512-TXOlPrhvi+kZUv3vA1qZ+MBdqZdihF8gWw7j/MRINiJqXH652GtLSqFTHNPjG8kHbiMQSCATG9oat9ao6aA8dA==",
      "license": "MIT",
      "engines": {
        "node": ">=14"
      }
    },
    "node_modules/typescript": {
      "version": "6.0.2",
      "resolved": "https://registry.npmjs.org/typescript/-/typescript-6.0.2.tgz",
      "integrity": "sha512-bGdAIrZ0wiGDo5l8c++HWtbaNCWTS4UTv7RaTH/ThVIgjkveJt83m74bBHMJkuCbslY8ixgLBVZJIOiQlQTjfQ==",
      "dev": true,
      "license": "Apache-2.0",
      "bin": {
        "tsc": "bin/tsc",
        "tsserver": "bin/tsserver"
      },
      "engines": {
        "node": ">=14.17"
      }
    },
    "node_modules/undici-types": {
      "version": "7.19.2",
      "resolved": "https://registry.npmjs.org/undici-types/-/undici-types-7.19.2.tgz",
      "integrity": "sha512-qYVnV5OEm2AW8cJMCpdV20CDyaN3g0AjDlOGf1OW4iaDEx8MwdtChUp4zu4H0VP3nDRF/8RKWH+IPp9uW0YGZg==",
      "dev": true,
      "license": "MIT"
    }
  }
}
